# This file is autogenerated, do not edit; changes may be undone by the next 'dep ensure'.


[[projects]]
  branch = "master"
  digest = "1:81f8c061c3d18ed1710957910542bc17d2b789c6cd19e0f654c30b35fd255ca5"
  name = "github.com/Azure/go-ansiterm"
  packages = [
    ".",
    "winterm",
  ]
  pruneopts = "NUT"
  revision = "d6e3b3328b783f23731bc4d058875b0371ff8109"

[[projects]]
  branch = "master"
  digest = "1:e83e0280c0eb7d63cb3fb5438d1e0aad8067638bf8796f8b5bcd97cc80b846f1"
  name = "github.com/alice02/nifcloud-sdk-go"
  packages = [
    "internal/sdkio",
    "internal/sdkrand",
    "internal/shareddefaults",
    "nifcloud",
    "nifcloud/awserr",
    "nifcloud/awsutil",
    "nifcloud/client",
    "nifcloud/client/metadata",
    "nifcloud/corehandlers",
    "nifcloud/credentials",
    "nifcloud/credentials/ec2rolecreds",
    "nifcloud/credentials/endpointcreds",
    "nifcloud/defaults",
    "nifcloud/ec2metadata",
    "nifcloud/endpoints",
    "nifcloud/request",
    "nifcloud/session",
    "private/protocol",
    "private/protocol/computing",
    "private/protocol/query/queryutil",
    "private/protocol/xml/xmlutil",
    "private/signer/v2computing",
    "service/computing",
  ]
  pruneopts = "NUT"
  revision = "c260bf1d6f59b5483e7019c3a473af1288a04cd8"

[[projects]]
  branch = "master"
  digest = "1:5c709df1e94c6dbee6fdd9699b11e3cdfa06870b1e828e9311e4e879b2ae6a4a"
  name = "github.com/docker/docker"
  packages = [
    "pkg/term",
    "pkg/term/windows",
  ]
  pruneopts = "NUT"
  revision = "f57f260b49b6142366e6bc1274204ee0a1205945"

[[projects]]
  digest = "1:e763ac6333e3c4ee5eca4ff85bee97f58b3ffc723ac58e81d273c8f5cc6a6567"
  name = "github.com/docker/machine"
  packages = [
    "libmachine/drivers",
    "libmachine/drivers/plugin",
    "libmachine/drivers/plugin/localbinary",
    "libmachine/drivers/rpc",
    "libmachine/log",
    "libmachine/mcnflag",
    "libmachine/mcnutils",
    "libmachine/ssh",
    "libmachine/state",
    "libmachine/version",
    "version",
  ]
  pruneopts = "NUT"
  revision = "b48dc28d9139c93d166f07d8b3a049b59bceef9c"
  version = "v0.15.0"

[[projects]]
  digest = "1:f59266de09e138237bf9df9deb57b9ebbdb1e33b8399bb739c3745e7d3d2787b"
  name = "github.com/go-ini/ini"
  packages = ["."]
  pruneopts = "NUT"
  revision = "358ee7663966325963d4e8b2e1fbd570c5195153"
  version = "v1.38.1"

[[projects]]
  digest = "1:ac6d01547ec4f7f673311b4663909269bfb8249952de3279799289467837c3cc"
  name = "github.com/jmespath/go-jmespath"
  packages = ["."]
  pruneopts = "NUT"
  revision = "0b12d6b5"

[[projects]]
  digest = "1:b2339e83ce9b5c4f79405f949429a7f68a9a904fed903c672aac1e7ceb7f5f02"
  name = "github.com/sirupsen/logrus"
  packages = ["."]
  pruneopts = "NUT"
  revision = "3e01752db0189b9157070a0e1668a620f9a85da2"
  version = "v1.0.6"

[[projects]]
  branch = "master"
  digest = "1:10e257965f5774c1ef03b258130a6caa8dddbfe03041f69d7c16a00463dece62"
  name = "golang.org/x/crypto"
  packages = [
    "curve25519",
    "ed25519",
    "ed25519/internal/edwards25519",
    "internal/chacha20",
    "internal/subtle",
    "poly1305",
    "ssh",
    "ssh/terminal",
  ]
  pruneopts = "NUT"
  revision = "f027049dab0ad238e394a753dba2d14753473a04"

[[projects]]
  branch = "master"
  digest = "1:c06e37943910052128a61f140f9b16dfef97f41e00928027d9ecb01e4b31757d"
  name = "golang.org/x/sys"
  packages = [
    "unix",
    "windows",
  ]
  pruneopts = "NUT"
  revision = "2be389f392cd91df245b41638f818a1c041f0c08"

[solve-meta]
  analyzer-name = "dep"
  analyzer-version = 1
  input-imports = [
    "github.com/alice02/nifcloud-sdk-go/nifcloud",
    "github.com/alice02/nifcloud-sdk-go/nifcloud/session",
    "github.com/alice02/nifcloud-sdk-go/service/computing",
    "github.com/docker/machine/libmachine/drivers",
    "github.com/docker/machine/libmachine/drivers/plugin",
    "github.com/docker/machine/libmachine/mcnflag",
    "github.com/docker/machine/libmachine/state",
  ]
  solver-name = "gps-cdcl"
  solver-version = 1
